
Microsoft Visual Studio Solution File, Format Version 12.00
# Visual Studio 2015
Project("{FAE04EC0-301F-11D3-BF4B-00C04F79EFBC}") = "OpenVRDesktopDisplayPortal-master.CSharp.Plugins", "OpenVRDesktopDisplayPortal-master.CSharp.Plugins.csproj", "{696B8A85-D2FC-C910-FCA5-BF712248BAC1}"
EndProject
Project("{FAE04EC0-301F-11D3-BF4B-00C04F79EFBC}") = "OpenVRDesktopDisplayPortal-master.CSharp", "OpenVRDesktopDisplayPortal-master.CSharp.csproj", "{4C87CEAA-7644-3247-B506-33BF806FE3C3}"
EndProject
Project("{FAE04EC0-301F-11D3-BF4B-00C04F79EFBC}") = "OpenVRDesktopDisplayPortal-master.CSharp.Editor", "OpenVRDesktopDisplayPortal-master.CSharp.Editor.csproj", "{0659BE2D-AC7F-1B3E-8407-B2E02F9947FB}"
EndProject
Global
	GlobalSection(SolutionConfigurationPlatforms) = preSolution
		Debug|Any CPU = Debug|Any CPU
		Release|Any CPU = Release|Any CPU
	EndGlobalSection
	GlobalSection(ProjectConfigurationPlatforms) = postSolution
		{696B8A85-D2FC-C910-FCA5-BF712248BAC1}.Debug|Any CPU.ActiveCfg = Debug|Any CPU
		{696B8A85-D2FC-C910-FCA5-BF712248BAC1}.Debug|Any CPU.Build.0 = Debug|Any CPU
		{696B8A85-D2FC-C910-FCA5-BF712248BAC1}.Release|Any CPU.ActiveCfg = Release|Any CPU
		{696B8A85-D2FC-C910-FCA5-BF712248BAC1}.Release|Any CPU.Build.0 = Release|Any CPU
		{4C87CEAA-7644-3247-B506-33BF806FE3C3}.Debug|Any CPU.ActiveCfg = Debug|Any CPU
		{4C87CEAA-7644-3247-B506-33BF806FE3C3}.Debug|Any CPU.Build.0 = Debug|Any CPU
		{4C87CEAA-7644-3247-B506-33BF806FE3C3}.Release|Any CPU.ActiveCfg = Release|Any CPU
		{4C87CEAA-7644-3247-B506-33BF806FE3C3}.Release|Any CPU.Build.0 = Release|Any CPU
		{0659BE2D-AC7F-1B3E-8407-B2E02F9947FB}.Debug|Any CPU.ActiveCfg = Debug|Any CPU
		{0659BE2D-AC7F-1B3E-8407-B2E02F9947FB}.Debug|Any CPU.Build.0 = Debug|Any CPU
		{0659BE2D-AC7F-1B3E-8407-B2E02F9947FB}.Release|Any CPU.ActiveCfg = Release|Any CPU
		{0659BE2D-AC7F-1B3E-8407-B2E02F9947FB}.Release|Any CPU.Build.0 = Release|Any CPU
	EndGlobalSection
	GlobalSection(SolutionProperties) = preSolution
		HideSolutionNode = FALSE
	EndGlobalSection
EndGlobal
